
Microsoft Visual Studio Solution File, Format Version 12.00
# Visual Studio 2013
VisualStudioVersion = 12.0.31101.0
MinimumVisualStudioVersion = 10.0.40219.1
Project("{FAE04EC0-301F-11D3-BF4B-00C04F79EFBC}") = "Autodash.Core", "src\Autodash.Core\Autodash.Core.csproj", "{2382A2C9-64C3-43D8-B947-AD46B11B925B}"
EndProject
Project("{FAE04EC0-301F-11D3-BF4B-00C04F79EFBC}") = "Autodash.Core.Tests", "tests\Autodash.Core.Tests\Autodash.Core.Tests.csproj", "{2A7D6B27-D06C-4AE6-A5E9-19AE0A6F818F}"
EndProject
Project("{FAE04EC0-301F-11D3-BF4B-00C04F79EFBC}") = "Autodash.MsTest.ValidTests", "Autodash.MsTest.ValidTests\Autodash.MsTest.ValidTests.csproj", "{A914980E-D01D-44D3-9205-5C64351A8B4C}"
EndProject
Global
	GlobalSection(SolutionConfigurationPlatforms) = preSolution
		Debug|Any CPU = Debug|Any CPU
		Release|Any CPU = Release|Any CPU
	EndGlobalSection
	GlobalSection(ProjectConfigurationPlatforms) = postSolution
		{2382A2C9-64C3-43D8-B947-AD46B11B925B}.Debug|Any CPU.ActiveCfg = Debug|Any CPU
		{2382A2C9-64C3-43D8-B947-AD46B11B925B}.Debug|Any CPU.Build.0 = Debug|Any CPU
		{2382A2C9-64C3-43D8-B947-AD46B11B925B}.Release|Any CPU.ActiveCfg = Release|Any CPU
		{2382A2C9-64C3-43D8-B947-AD46B11B925B}.Release|Any CPU.Build.0 = Release|Any CPU
		{2A7D6B27-D06C-4AE6-A5E9-19AE0A6F818F}.Debug|Any CPU.ActiveCfg = Debug|Any CPU
		{2A7D6B27-D06C-4AE6-A5E9-19AE0A6F818F}.Debug|Any CPU.Build.0 = Debug|Any CPU
		{2A7D6B27-D06C-4AE6-A5E9-19AE0A6F818F}.Release|Any CPU.ActiveCfg = Release|Any CPU
		{2A7D6B27-D06C-4AE6-A5E9-19AE0A6F818F}.Release|Any CPU.Build.0 = Release|Any CPU
		{A914980E-D01D-44D3-9205-5C64351A8B4C}.Debug|Any CPU.ActiveCfg = Debug|Any CPU
		{A914980E-D01D-44D3-9205-5C64351A8B4C}.Debug|Any CPU.Build.0 = Debug|Any CPU
		{A914980E-D01D-44D3-9205-5C64351A8B4C}.Release|Any CPU.ActiveCfg = Release|Any CPU
		{A914980E-D01D-44D3-9205-5C64351A8B4C}.Release|Any CPU.Build.0 = Release|Any CPU
	EndGlobalSection
	GlobalSection(SolutionProperties) = preSolution
		HideSolutionNode = FALSE
	EndGlobalSection
EndGlobal
